// !$*UTF8*$!
{
	archiveVersion = 1;
	classes = {
	};
	objectVersion = 46;
	objects = {

/* Begin PBXBuildFile section */
		EF00C26C1AEF9DC6004826BC /* AppDelegate.swift in Sources */ = {isa = PBXBuildFile; fileRef = EF00C26B1AEF9DC6004826BC /* AppDelegate.swift */; };
		EF00C26E1AEF9DC6004826BC /* ViewController.swift in Sources */ = {isa = PBXBuildFile; fileRef = EF00C26D1AEF9DC6004826BC /* ViewController.swift */; };
		EF00C2711AEF9DC6004826BC /* Main.storyboard in Resources */ = {isa = PBXBuildFile; fileRef = EF00C26F1AEF9DC6004826BC /* Main.storyboard */; };
		EF00C2731AEF9DC6004826BC /* Images.xcassets in Resources */ = {isa = PBXBuildFile; fileRef = EF00C2721AEF9DC6004826BC /* Images.xcassets */; };
		EF00C2761AEF9DC6004826BC /* LaunchScreen.xib in Resources */ = {isa = PBXBuildFile; fileRef = EF00C2741AEF9DC6004826BC /* LaunchScreen.xib */; };
		EF00C2821AEF9DC6004826BC /* Demo1Tests.swift in Sources */ = {isa = PBXBuildFile; fileRef = EF00C2811AEF9DC6004826BC /* Demo1Tests.swift */; };
		EF0457091AF073FA00B51639 /* View2Controller.swift in Sources */ = {isa = PBXBuildFile; fileRef = EF0457081AF073FA00B51639 /* View2Controller.swift */; };
		EF04570D1AF08B2A00B51639 /* View3Controller.swift in Sources */ = {isa = PBXBuildFile; fileRef = EF04570C1AF08B2A00B51639 /* View3Controller.swift */; };
		EF04570F1AF0F28000B51639 /* ViewWebViewController.swift in Sources */ = {isa = PBXBuildFile; fileRef = EF04570E1AF0F28000B51639 /* ViewWebViewController.swift */; };
		EF0457111AF0F56D00B51639 /* table.html in Resources */ = {isa = PBXBuildFile; fileRef = EF0457101AF0F56D00B51639 /* table.html */; };
/* End PBXBuildFile section */

/* Begin PBXContainerItemProxy section */
		EF00C27C1AEF9DC6004826BC /* PBXContainerItemProxy */ = {
			isa = PBXContainerItemProxy;
			containerPortal = EF00C25E1AEF9DC6004826BC /* Project object */;
			proxyType = 1;
			remoteGlobalIDString = EF00C2651AEF9DC6004826BC;
			remoteInfo = Demo1;
		};
/* End PBXContainerItemProxy section */

/* Begin PBXFileReference section */
		EF00C2661AEF9DC6004826BC /* Demo1.app */ = {isa = PBXFileReference; explicitFileType = wrapper.application; includeInIndex = 0; path = Demo1.app; sourceTree = BUILT_PRODUCTS_DIR; };
		EF00C26A1AEF9DC6004826BC /* Info.plist */ = {isa = PBXFileReference; lastKnownFileType = text.plist.xml; path = Info.plist; sourceTree = "<group>"; };
		EF00C26B1AEF9DC6004826BC /* AppDelegate.swift */ = {isa = PBXFileReference; lastKnownFileType = sourcecode.swift; path = AppDelegate.swift; sourceTree = "<group>"; };
		EF00C26D1AEF9DC6004826BC /* ViewController.swift */ = {isa = PBXFileReference; lastKnownFileType = sourcecode.swift; path = ViewController.swift; sourceTree = "<group>"; };
		EF00C2701AEF9DC6004826BC /* Base */ = {isa = PBXFileReference; lastKnownFileType = file.storyboard; name = Base; path = Base.lproj/Main.storyboard; sourceTree = "<group>"; };
		EF00C2721AEF9DC6004826BC /* Images.xcassets */ = {isa = PBXFileReference; lastKnownFileType = folder.assetcatalog; path = Images.xcassets; sourceTree = "<group>"; };
		EF00C2751AEF9DC6004826BC /* Base */ = {isa = PBXFileReference; lastKnownFileType = file.xib; name = Base; path = Base.lproj/LaunchScreen.xib; sourceTree = "<group>"; };
		EF00C27B1AEF9DC6004826BC /* Demo1Tests.xctest */ = {isa = PBXFileReference; explicitFileType = wrapper.cfbundle; includeInIndex = 0; path = Demo1Tests.xctest; sourceTree = BUILT_PRODUCTS_DIR; };
		EF00C2801AEF9DC6004826BC /* Info.plist */ = {isa = PBXFileReference; lastKnownFileType = text.plist.xml; path = Info.plist; sourceTree = "<group>"; };
		EF00C2811AEF9DC6004826BC /* Demo1Tests.swift */ = {isa = PBXFileReference; lastKnownFileType = sourcecode.swift; path = Demo1Tests.swift; sourceTree = "<group>"; };
		EF0457081AF073FA00B51639 /* View2Controller.swift */ = {isa = PBXFileReference; fileEncoding = 4; lastKnownFileType = sourcecode.swift; path = View2Controller.swift; sourceTree = "<group>"; };
		EF04570C1AF08B2A00B51639 /* View3Controller.swift */ = {isa = PBXFileReference; fileEncoding = 4; lastKnownFileType = sourcecode.swift; path = View3Controller.swift; sourceTree = "<group>"; };
		EF04570E1AF0F28000B51639 /* ViewWebViewController.swift */ = {isa = PBXFileReference; fileEncoding = 4; lastKnownFileType = sourcecode.swift; path = ViewWebViewController.swift; sourceTree = "<group>"; };
		EF0457101AF0F56D00B51639 /* table.html */ = {isa = PBXFileReference; fileEncoding = 4; lastKnownFileType = text.html; path = table.html; sourceTree = "<group>"; };
/* End PBXFileReference section */

/* Begin PBXFrameworksBuildPhase section */
		EF00C2631AEF9DC6004826BC /* Frameworks */ = {
			isa = PBXFrameworksBuildPhase;
			buildActionMask = 2147483647;
			files = (
			);
			runOnlyForDeploymentPostprocessing = 0;
		};
		EF00C2781AEF9DC6004826BC /* Frameworks */ = {
			isa = PBXFrameworksBuildPhase;
			buildActionMask = 2147483647;
			files = (
			);
			runOnlyForDeploymentPostprocessing = 0;
		};
/* End PBXFrameworksBuildPhase section */

/* Begin PBXGroup section */
		EF00C25D1AEF9DC6004826BC = {
			isa = PBXGroup;
			children = (
				EF00C2681AEF9DC6004826BC /* Demo1 */,
				EF00C27E1AEF9DC6004826BC /* Demo1Tests */,
				EF00C2671AEF9DC6004826BC /* Products */,
			);
			sourceTree = "<group>";
		};
		EF00C2671AEF9DC6004826BC /* Products */ = {
			isa = PBXGroup;
			children = (
				EF00C2661AEF9DC6004826BC /* Demo1.app */,
				EF00C27B1AEF9DC6004826BC /* Demo1Tests.xctest */,
			);
			name = Products;
			sourceTree = "<group>";
		};
		EF00C2681AEF9DC6004826BC /* Demo1 */ = {
			isa = PBXGroup;
			children = (
				EF0457101AF0F56D00B51639 /* table.html */,
				EF00C26B1AEF9DC6004826BC /* AppDelegate.swift */,
				EF00C26D1AEF9DC6004826BC /* ViewController.swift */,
				EF00C26F1AEF9DC6004826BC /* Main.storyboard */,
				EF00C2721AEF9DC6004826BC /* Images.xcassets */,
				EF00C2741AEF9DC6004826BC /* LaunchScreen.xib */,
				EF00C2691AEF9DC6004826BC /* Supporting Files */,
				EF0457081AF073FA00B51639 /* View2Controller.swift */,
				EF04570C1AF08B2A00B51639 /* View3Controller.swift */,
				EF04570E1AF0F28000B51639 /* ViewWebViewController.swift */,
			);
			path = Demo1;
			sourceTree = "<group>";
		};
		EF00C2691AEF9DC6004826BC /* Supporting Files */ = {
			isa = PBXGroup;
			children = (
				EF00C26A1AEF9DC6004826BC /* Info.plist */,
			);
			name = "Supporting Files";
			sourceTree = "<group>";
		};
		EF00C27E1AEF9DC6004826BC /* Demo1Tests */ = {
			isa = PBXGroup;
			children = (
				EF00C2811AEF9DC6004826BC /* Demo1Tests.swift */,
				EF00C27F1AEF9DC6004826BC /* Supporting Files */,
			);
			path = Demo1Tests;
			sourceTree = "<group>";
		};
		EF00C27F1AEF9DC6004826BC /* Supporting Files */ = {
			isa = PBXGroup;
			children = (
				EF00C2801AEF9DC6004826BC /* Info.plist */,
			);
			name = "Supporting Files";
			sourceTree = "<group>";
		};
/* End PBXGroup section */

/* Begin PBXNativeTarget section */
		EF00C2651AEF9DC6004826BC /* Demo1 */ = {
			isa = PBXNativeTarget;
			buildConfigurationList = EF00C2851AEF9DC6004826BC /* Build configuration list for PBXNativeTarget "Demo1" */;
			buildPhases = (
				EF00C2621AEF9DC6004826BC /* Sources */,
				EF00C2631AEF9DC6004826BC /* Frameworks */,
				EF00C2641AEF9DC6004826BC /* Resources */,
			);
			buildRules = (
			);
			dependencies = (
			);
			name = Demo1;
			productName = Demo1;
			productReference = EF00C2661AEF9DC6004826BC /* Demo1.app */;
			productType = "com.apple.product-type.application";
		};
		EF00C27A1AEF9DC6004826BC /* Demo1Tests */ = {
			isa = PBXNativeTarget;
			buildConfigurationList = EF00C2881AEF9DC6004826BC /* Build configuration list for PBXNativeTarget "Demo1Tests" */;
			buildPhases = (
				EF00C2771AEF9DC6004826BC /* Sources */,
				EF00C2781AEF9DC6004826BC /* Frameworks */,
				EF00C2791AEF9DC6004826BC /* Resources */,
			);
			buildRules = (
			);
			dependencies = (
				EF00C27D1AEF9DC6004826BC /* PBXTargetDependency */,
			);
			name = Demo1Tests;
			productName = Demo1Tests;
			productReference = EF00C27B1AEF9DC6004826BC /* Demo1Tests.xctest */;
			productType = "com.apple.product-type.bundle.unit-test";
		};
/* End PBXNativeTarget section */

/* Begin PBXProject section */
		EF00C25E1AEF9DC6004826BC /* Project object */ = {
			isa = PBXProject;
			attributes = {
				LastUpgradeCheck = 0630;
				ORGANIZATIONNAME = v5cn;
				TargetAttributes = {
					EF00C2651AEF9DC6004826BC = {
						CreatedOnToolsVersion = 6.3.1;
					};
					EF00C27A1AEF9DC6004826BC = {
						CreatedOnToolsVersion = 6.3.1;
						TestTargetID = EF00C2651AEF9DC6004826BC;
					};
				};
			};
			buildConfigurationList = EF00C2611AEF9DC6004826BC /* Build configuration list for PBXProject "Demo1" */;
			compatibilityVersion = "Xcode 3.2";
			developmentRegion = English;
			hasScannedForEncodings = 0;
			knownRegions = (
				en,
				Base,
			);
			mainGroup = EF00C25D1AEF9DC6004826BC;
			productRefGroup = EF00C2671AEF9DC6004826BC /* Products */;
			projectDirPath = "";
			projectRoot = "";
			targets = (
				EF00C2651AEF9DC6004826BC /* Demo1 */,
				EF00C27A1AEF9DC6004826BC /* Demo1Tests */,
			);
		};
/* End PBXProject section */

/* Begin PBXResourcesBuildPhase section */
		EF00C2641AEF9DC6004826BC /* Resources */ = {
			isa = PBXResourcesBuildPhase;
			buildActionMask = 2147483647;
			files = (
				EF00C2711AEF9DC6004826BC /* Main.storyboard in Resources */,
				EF0457111AF0F56D00B51639 /* table.html in Resources */,
				EF00C2761AEF9DC6004826BC /* LaunchScreen.xib in Resources */,
				EF00C2731AEF9DC6004826BC /* Images.xcassets in Resources */,
			);
			runOnlyForDeploymentPostprocessing = 0;
		};
		EF00C2791AEF9DC6004826BC /* Resources */ = {
			isa = PBXResourcesBuildPhase;
			buildActionMask = 2147483647;
			files = (
			);
			runOnlyForDeploymentPostprocessing = 0;
		};
/* End PBXResourcesBuildPhase section */

/* Begin PBXSourcesBuildPhase section */
		EF00C2621AEF9DC6004826BC /* Sources */ = {
			isa = PBXSourcesBuildPhase;
			buildActionMask = 2147483647;
			files = (
				EF00C26E1AEF9DC6004826BC /* ViewController.swift in Sources */,
				EF0457091AF073FA00B51639 /* View2Controller.swift in Sources */,
				EF04570D1AF08B2A00B51639 /* View3Controller.swift in Sources */,
				EF04570F1AF0F28000B51639 /* ViewWebViewController.swift in Sources */,
				EF00C26C1AEF9DC6004826BC /* AppDelegate.swift in Sources */,
			);
			runOnlyForDeploymentPostprocessing = 0;
		};
		EF00C2771AEF9DC6004826BC /* Sources */ = {
			isa = PBXSourcesBuildPhase;
			buildActionMask = 2147483647;
			files = (
				EF00C2821AEF9DC6004826BC /* Demo1Tests.swift in Sources */,
			);
			runOnlyForDeploymentPostprocessing = 0;
		};
/* End PBXSourcesBuildPhase section */

/* Begin PBXTargetDependency section */
		EF00C27D1AEF9DC6004826BC /* PBXTargetDependency */ = {
			isa = PBXTargetDependency;
			target = EF00C2651AEF9DC6004826BC /* Demo1 */;
			targetProxy = EF00C27C1AEF9DC6004826BC /* PBXContainerItemProxy */;
		};
/* End PBXTargetDependency section */

/* Begin PBXVariantGroup section */
		EF00C26F1AEF9DC6004826BC /* Main.storyboard */ = {
			isa = PBXVariantGroup;
			children = (
				EF00C2701AEF9DC6004826BC /* Base */,
			);
			name = Main.storyboard;
			sourceTree = "<group>";
		};
		EF00C2741AEF9DC6004826BC /* LaunchScreen.xib */ = {
			isa = PBXVariantGroup;
			children = (
				EF00C2751AEF9DC6004826BC /* Base */,
			);
			name = LaunchScreen.xib;
			sourceTree = "<group>";
		};
/* End PBXVariantGroup section */

/* Begin XCBuildConfiguration section */
		EF00C2831AEF9DC6004826BC /* Debug */ = {
			isa = XCBuildConfiguration;
			buildSettings = {
				ALWAYS_SEARCH_USER_PATHS = NO;
				CLANG_CXX_LANGUAGE_STANDARD = "gnu++0x";
				CLANG_CXX_LIBRARY = "libc++";
				CLANG_ENABLE_MODULES = YES;
				CLANG_ENABLE_OBJC_ARC = YES;
				CLANG_WARN_BOOL_CONVERSION = YES;
				CLANG_WARN_CONSTANT_CONVERSION = YES;
				CLANG_WARN_DIRECT_OBJC_ISA_USAGE = YES_ERROR;
				CLANG_WARN_EMPTY_BODY = YES;
				CLANG_WARN_ENUM_CONVERSION = YES;
				CLANG_WARN_INT_CONVERSION = YES;
				CLANG_WARN_OBJC_ROOT_CLASS = YES_ERROR;
				CLANG_WARN_UNREACHABLE_CODE = YES;
				CLANG_WARN__DUPLICATE_METHOD_MATCH = YES;
				"CODE_SIGN_IDENTITY[sdk=iphoneos*]" = "iPhone Developer";
				COPY_PHASE_STRIP = NO;
				DEBUG_INFORMATION_FORMAT = "dwarf-with-dsym";
				ENABLE_STRICT_OBJC_MSGSEND = YES;
				GCC_C_LANGUAGE_STANDARD = gnu99;
				GCC_DYNAMIC_NO_PIC = NO;
				GCC_NO_COMMON_BLOCKS = YES;
				GCC_OPTIMIZATION_LEVEL = 0;
				GCC_PREPROCESSOR_DEFINITIONS = (
					"DEBUG=1",
					"$(inherited)",
				);
				GCC_SYMBOLS_PRIVATE_EXTERN = NO;
				GCC_WARN_64_TO_32_BIT_CONVERSION = YES;
				GCC_WARN_ABOUT_RETURN_TYPE = YES_ERROR;
				GCC_WARN_UNDECLARED_SELECTOR = YES;
				GCC_WARN_UNINITIALIZED_AUTOS = YES_AGGRESSIVE;
				GCC_WARN_UNUSED_FUNCTION = YES;
				GCC_WARN_UNUSED_VARIABLE = YES;
				IPHONEOS_DEPLOYMENT_TARGET = 8.3;
				MTL_ENABLE_DEBUG_INFO = YES;
				ONLY_ACTIVE_ARCH = YES;
				SDKROOT = iphoneos;
				SWIFT_OPTIMIZATION_LEVEL = "-Onone";
			};
			name = Debug;
		};
		EF00C2841AEF9DC6004826BC /* Release */ = {
			isa = XCBuildConfiguration;
			buildSettings = {
				ALWAYS_SEARCH_USER_PATHS = NO;
				CLANG_CXX_LANGUAGE_STANDARD = "gnu++0x";
				CLANG_CXX_LIBRARY = "libc++";
				CLANG_ENABLE_MODULES = YES;
				CLANG_ENABLE_OBJC_ARC = YES;
				CLANG_WARN_BOOL_CONVERSION = YES;
				CLANG_WARN_CONSTANT_CONVERSION = YES;
				CLANG_WARN_DIRECT_OBJC_ISA_USAGE = YES_ERROR;
				CLANG_WARN_EMPTY_BODY = YES;
				CLANG_WARN_ENUM_CONVERSION = YES;
				CLANG_WARN_INT_CONVERSION = YES;
				CLANG_WARN_OBJC_ROOT_CLASS = YES_ERROR;
				CLANG_WARN_UNREACHABLE_CODE = YES;
				CLANG_WARN__DUPLICATE_METHOD_MATCH = YES;
				"CODE_SIGN_IDENTITY[sdk=iphoneos*]" = "iPhone Developer";
				COPY_PHASE_STRIP = NO;
				DEBUG_INFORMATION_FORMAT = "dwarf-with-dsym";
				ENABLE_NS_ASSERTIONS = NO;
				ENABLE_STRICT_OBJC_MSGSEND = YES;
				GCC_C_LANGUAGE_STANDARD = gnu99;
				GCC_NO_COMMON_BLOCKS = YES;
				GCC_WARN_64_TO_32_BIT_CONVERSION = YES;
				GCC_WARN_ABOUT_RETURN_TYPE = YES_ERROR;
				GCC_WARN_UNDECLARED_SELECTOR = YES;
				GCC_WARN_UNINITIALIZED_AUTOS = YES_AGGRESSIVE;
				GCC_WARN_UNUSED_FUNCTION = YES;
				GCC_WARN_UNUSED_VARIABLE = YES;
				IPHONEOS_DEPLOYMENT_TARGET = 8.3;
				MTL_ENABLE_DEBUG_INFO = NO;
				SDKROOT = iphoneos;
				VALIDATE_PRODUCT = YES;
			};
			name = Release;
		};
		EF00C2861AEF9DC6004826BC /* Debug */ = {
			isa = XCBuildConfiguration;
			buildSettings = {
				ASSETCATALOG_COMPILER_APPICON_NAME = AppIcon;
				INFOPLIST_FILE = Demo1/Info.plist;
				LD_RUNPATH_SEARCH_PATHS = "$(inherited) @executable_path/Frameworks";
				PRODUCT_NAME = "$(TARGET_NAME)";
			};
			name = Debug;
		};
		EF00C2871AEF9DC6004826BC /* Release */ = {
			isa = XCBuildConfiguration;
			buildSettings = {
				ASSETCATALOG_COMPILER_APPICON_NAME = AppIcon;
				INFOPLIST_FILE = Demo1/Info.plist;
				LD_RUNPATH_SEARCH_PATHS = "$(inherited) @executable_path/Frameworks";
				PRODUCT_NAME = "$(TARGET_NAME)";
			};
			name = Release;
		};
		EF00C2891AEF9DC6004826BC /* Debug */ = {
			isa = XCBuildConfiguration;
			buildSettings = {
				BUNDLE_LOADER = "$(TEST_HOST)";
				FRAMEWORK_SEARCH_PATHS = (
					"$(SDKROOT)/Developer/Library/Frameworks",
					"$(inherited)",
				);
				GCC_PREPROCESSOR_DEFINITIONS = (
					"DEBUG=1",
					"$(inherited)",
				);
				INFOPLIST_FILE = Demo1Tests/Info.plist;
				LD_RUNPATH_SEARCH_PATHS = "$(inherited) @executable_path/Frameworks @loader_path/Frameworks";
				PRODUCT_NAME = "$(TARGET_NAME)";
				TEST_HOST = "$(BUILT_PRODUCTS_DIR)/Demo1.app/Demo1";
			};
			name = Debug;
		};
		EF00C28A1AEF9DC6004826BC /* Release */ = {
			isa = XCBuildConfiguration;
			buildSettings = {
				BUNDLE_LOADER = "$(TEST_HOST)";
				FRAMEWORK_SEARCH_PATHS = (
					"$(SDKROOT)/Developer/Library/Frameworks",
					"$(inherited)",
				);
				INFOPLIST_FILE = Demo1Tests/Info.plist;
				LD_RUNPATH_SEARCH_PATHS = "$(inherited) @executable_path/Frameworks @loader_path/Frameworks";
				PRODUCT_NAME = "$(TARGET_NAME)";
				TEST_HOST = "$(BUILT_PRODUCTS_DIR)/Demo1.app/Demo1";
			};
			name = Release;
		};
/* End XCBuildConfiguration section */

/* Begin XCConfigurationList section */
		EF00C2611AEF9DC6004826BC /* Build configuration list for PBXProject "Demo1" */ = {
			isa = XCConfigurationList;
			buildConfigurations = (
				EF00C2831AEF9DC6004826BC /* Debug */,
				EF00C2841AEF9DC6004826BC /* Release */,
			);
			defaultConfigurationIsVisible = 0;
			defaultConfigurationName = Release;
		};
		EF00C2851AEF9DC6004826BC /* Build configuration list for PBXNativeTarget "Demo1" */ = {
			isa = XCConfigurationList;
			buildConfigurations = (
				EF00C2861AEF9DC6004826BC /* Debug */,
				EF00C2871AEF9DC6004826BC /* Release */,
			);
			defaultConfigurationIsVisible = 0;
			defaultConfigurationName = Release;
		};
		EF00C2881AEF9DC6004826BC /* Build configuration list for PBXNativeTarget "Demo1Tests" */ = {
			isa = XCConfigurationList;
			buildConfigurations = (
				EF00C2891AEF9DC6004826BC /* Debug */,
				EF00C28A1AEF9DC6004826BC /* Release */,
			);
			defaultConfigurationIsVisible = 0;
			defaultConfigurationName = Release;
		};
/* End XCConfigurationList section */
	};
	rootObject = EF00C25E1AEF9DC6004826BC /* Project object */;
}
